
Microsoft Visual Studio Solution File, Format Version 12.00
# Visual Studio Version 16
VisualStudioVersion = 16.0.31424.327
MinimumVisualStudioVersion = 10.0.40219.1
Project("{FAE04EC0-301F-11D3-BF4B-00C04F79EFBC}") = "SinggnalR", "SinggnalR\SinggnalR.csproj", "{81A4CEB3-891C-434A-B18E-382884B2CF69}"
EndProject
Global
	GlobalSection(SolutionConfigurationPlatforms) = preSolution
		Debug|Any CPU = Debug|Any CPU
		Release|Any CPU = Release|Any CPU
	EndGlobalSection
	GlobalSection(ProjectConfigurationPlatforms) = postSolution
		{81A4CEB3-891C-434A-B18E-382884B2CF69}.Debug|Any CPU.ActiveCfg = Debug|Any CPU
		{81A4CEB3-891C-434A-B18E-382884B2CF69}.Debug|Any CPU.Build.0 = Debug|Any CPU
		{81A4CEB3-891C-434A-B18E-382884B2CF69}.Release|Any CPU.ActiveCfg = Release|Any CPU
		{81A4CEB3-891C-434A-B18E-382884B2CF69}.Release|Any CPU.Build.0 = Release|Any CPU
	EndGlobalSection
	GlobalSection(SolutionProperties) = preSolution
		HideSolutionNode = FALSE
	EndGlobalSection
	GlobalSection(ExtensibilityGlobals) = postSolution
		SolutionGuid = {F473888B-FFCD-4825-8D31-7AB3B8B735F2}
	EndGlobalSection
EndGlobal
